
Microsoft Visual Studio Solution File, Format Version 12.00
# Visual Studio Version 17
VisualStudioVersion = 17.0.32014.148
MinimumVisualStudioVersion = 10.0.40219.1
Project("{FAE04EC0-301F-11D3-BF4B-00C04F79EFBC}") = "Project1", "Project1.csproj", "{9509DFBE-E49D-4F81-B65B-387712CFDBCF}"
EndProject
Global
	GlobalSection(SolutionConfigurationPlatforms) = preSolution
		Debug|Any CPU = Debug|Any CPU
		Release|Any CPU = Release|Any CPU
	EndGlobalSection
	GlobalSection(ProjectConfigurationPlatforms) = postSolution
		{9509DFBE-E49D-4F81-B65B-387712CFDBCF}.Debug|Any CPU.ActiveCfg = Debug|Any CPU
		{9509DFBE-E49D-4F81-B65B-387712CFDBCF}.Debug|Any CPU.Build.0 = Debug|Any CPU
		{9509DFBE-E49D-4F81-B65B-387712CFDBCF}.Release|Any CPU.ActiveCfg = Release|Any CPU
		{9509DFBE-E49D-4F81-B65B-387712CFDBCF}.Release|Any CPU.Build.0 = Release|Any CPU
	EndGlobalSection
	GlobalSection(SolutionProperties) = preSolution
		HideSolutionNode = FALSE
	EndGlobalSection
	GlobalSection(ExtensibilityGlobals) = postSolution
		SolutionGuid = {73FACC4A-CFE3-488D-9D1B-37D23F58FCA2}
	EndGlobalSection
EndGlobal
